github.com/carolynvs/example-site-content v0.0.0-20201218165400-ebe6d52b4b2e h1:scDrsqcC5fAFKT0oNq0k/h8UkZiiayQEQ+1dUPqvvT0=
github.com/carolynvs/example-site-content v0.0.0-20201218165400-ebe6d52b4b2e/go.mod h1:YvCinetJO6VbE9XhX8m3oODYkPQoBiHab9pabaO22jw=
github.com/carolynvs/example-site-content v0.0.0-20201220003200-3539d1c37b98/go.mod h1:YvCinetJO6VbE9XhX8m3oODYkPQoBiHab9pabaO22jw=
github.com/carolynvs/example-site-docs v0.0.0-20201219231228-1aa6f29a3528 h1:mzvAJFDMVgRxJs4jJti/A7ymfeCbJWLo87bld/cEuSw=
github.com/carolynvs/example-site-docs v0.0.0-20201219231228-1aa6f29a3528/go.mod h1:jiUQU2ZLhhK+Eq+gUh41BXy5oRuS3weqvtmCevUZywg=
github.com/carolynvs/example-site-docs v0.0.0-20201220003237-9aa45d31157e/go.mod h1:jiUQU2ZLhhK+Eq+gUh41BXy5oRuS3weqvtmCevUZywg=
github.com/carolynvs/mage v1.10.1-0.20201116013517-68243214dee0 h1:5W+JLpLwd/6dZGllMKWGlEGuUzI2o27CZXzKXWdLUnI=
github.com/carolynvs/mage v1.10.1-0.20201116013517-68243214dee0/go.mod h1:z5UZb/iS3GoOSn0JgWuiw7dxlurVYTu+/jHXqQg881A=
github.com/carolynvs/magex v0.2.0 h1:italjH/WJuG5JrMaqyPY0MfqnrsMSz/rkTm3DIF4jcI=
github.com/carolynvs/magex v0.2.0/go.mod h1:zSh5nXCBSl0ryljhtqz2Kdwzie23To4F2vSOnOZA59k=
github.com/carolynvs/magex v0.2.1-0.20201116013928-d6af240c802c h1:X+V0HFxdUNGSxAX4ej9gmpGLPcOqqnhdRTs4RsEXypA=
github.com/carolynvs/magex v0.2.1-0.20201116013928-d6af240c802c/go.mod h1:KDx9auOyJbuqc/s/0qB9+rsp/Kdq+a44TXZurVImr14=
github.com/davecgh/go-spew v1.1.0/go.mod h1:J7Y8YcW2NihsgmVo/mv3lAwl/skON4iLHjSsI+c5H38=
github.com/google/docsy v0.0.0-20201217174623-976ee59c947a h1:JNgMjDbZSVEDUeVt2relEOd6WnCiiM5IkO/6Jy+ujos=
github.com/google/docsy v0.0.0-20201217174623-976ee59c947a/go.mod h1:alhAPKceHP14eqO+nJEhYehHeNcPKV8QnduoauTBZhs=
github.com/magefile/mage v1.10.0 h1:3HiXzCUY12kh9bIuyXShaVe529fJfyqoVM42o/uom2g=
github.com/magefile/mage v1.10.0/go.mod h1:z5UZb/iS3GoOSn0JgWuiw7dxlurVYTu+/jHXqQg881A=
github.com/pkg/errors v0.9.1 h1:FEBLx1zS214owpjy7qsBeixbURkuhQAwrK5UwLGTwt4=
github.com/pkg/errors v0.9.1/go.mod h1:bwawxfHBFNV+L2hUp1rHADufV3IMtnDRdf1r5NINEl0=
github.com/pmezard/go-difflib v1.0.0/go.mod h1:iKH77koFhYxTK1pcRnkKkqfTogsbg7gZNVY4sRDYZ/4=
github.com/stretchr/objx v0.1.0/go.mod h1:HFkY916IF+rwdDfMAkV7OtwuqBVzrE8GR6GFx+wExME=
github.com/stretchr/testify v1.6.1/go.mod h1:6Fq8oRcR53rry900zMqJjRRixrwX3KX962/h/Wwjteg=
gopkg.in/check.v1 v0.0.0-20161208181325-20d25e280405/go.mod h1:Co6ibVJAznAaIkqp8huTwlJQCZ016jof/cbN4VW5Yz0=
gopkg.in/yaml.v3 v3.0.0-20200313102051-9f266ea9e77c/go.mod h1:K4uyk7z7BCEPqu6E+C64Yfv1cQ7kz7rIZviUmN+EgEM=
